
Microsoft Visual Studio Solution File, Format Version 12.00
# Visual Studio Version 16
VisualStudioVersion = 16.0.31112.23
MinimumVisualStudioVersion = 10.0.40219.1
Project("{FAE04EC0-301F-11D3-BF4B-00C04F79EFBC}") = "CountriesLab", "CountriesLab\CountriesLab.csproj", "{44645EFC-C579-4449-8DD8-F64AE98A48A1}"
EndProject
Global
	GlobalSection(SolutionConfigurationPlatforms) = preSolution
		Debug|Any CPU = Debug|Any CPU
		Release|Any CPU = Release|Any CPU
	EndGlobalSection
	GlobalSection(ProjectConfigurationPlatforms) = postSolution
		{44645EFC-C579-4449-8DD8-F64AE98A48A1}.Debug|Any CPU.ActiveCfg = Debug|Any CPU
		{44645EFC-C579-4449-8DD8-F64AE98A48A1}.Debug|Any CPU.Build.0 = Debug|Any CPU
		{44645EFC-C579-4449-8DD8-F64AE98A48A1}.Release|Any CPU.ActiveCfg = Release|Any CPU
		{44645EFC-C579-4449-8DD8-F64AE98A48A1}.Release|Any CPU.Build.0 = Release|Any CPU
	EndGlobalSection
	GlobalSection(SolutionProperties) = preSolution
		HideSolutionNode = FALSE
	EndGlobalSection
	GlobalSection(ExtensibilityGlobals) = postSolution
		SolutionGuid = {491027BC-464F-4F82-A1BA-4A5B8E71CA66}
	EndGlobalSection
EndGlobal
